{
  "name": "retemption",
  "version": "0.1.0",
  "lockfileVersion": 3,
  "requires": true,
  "packages": {
    "": {
      "name": "retemption",
      "version": "0.1.0",
      "license": "MIT",
      "dependencies": {
        "replaceholders": "^0.1.0",
        "universe-types": "^0.2.1"
      },
      "devDependencies": {
        "@types/node": "^18.7.3",
        "typescript": "^4.7.4"
      }
    },
    "node_modules/@types/node": {
      "version": "18.16.16",
      "resolved": "https://registry.npmjs.org/@types/node/-/node-18.16.16.tgz",
      "integrity": "sha512-NpaM49IGQQAUlBhHMF82QH80J08os4ZmyF9MkpCzWAGuOHqE4gTEbhzd7L3l5LmWuZ6E0OiC1FweQ4tsiW35+g==",
      "dev": true
    },
    "node_modules/replaceholders": {
      "version": "0.1.0",
      "resolved": "https://registry.npmjs.org/replaceholders/-/replaceholders-0.1.0.tgz",
      "integrity": "sha512-xTAojbskYLCdEIj6LGbefKwxtU95M4Xo0WhhrWGo6+a8JMB9/JEajO6X96K9pSa0elS1HlhIkrk8sFtKLLwN7g=="
    },
    "node_modules/typescript": {
      "version": "4.9.5",
      "resolved": "https://registry.npmjs.org/typescript/-/typescript-4.9.5.tgz",
      "integrity": "sha512-1FXk9E2Hm+QzZQ7z+McJiHL4NW1F2EzMu9Nq9i3zAaGqibafqYwCVU6WyWAuyQRRzOlxou8xZSyXLEN8oKj24g==",
      "dev": true,
      "bin": {
        "tsc": "bin/tsc",
        "tsserver": "bin/tsserver"
      },
      "engines": {
        "node": ">=4.2.0"
      }
    },
    "node_modules/universe-types": {
      "version": "0.2.1",
      "resolved": "https://registry.npmjs.org/universe-types/-/universe-types-0.2.1.tgz",
      "integrity": "sha512-2814zHNMR46UekiEvOXo83SjbTzQtUOjSH67F4zjQgPd7ST0aZCBIz4K0xnu/n9ciCEeyAdAErKXwwKyVOj0sA=="
    }
  }
}
